
Microsoft Visual Studio Solution File, Format Version 12.00
# Visual Studio Version 16
VisualStudioVersion = 16.0.31424.327
MinimumVisualStudioVersion = 10.0.40219.1
Project("{FAE04EC0-301F-11D3-BF4B-00C04F79EFBC}") = "Homework6Alergies", "Homework6Alergies\Homework6Alergies.csproj", "{867A3C0B-D64B-4ED1-B807-C9F9C25160B0}"
EndProject
Global
	GlobalSection(SolutionConfigurationPlatforms) = preSolution
		Debug|Any CPU = Debug|Any CPU
		Release|Any CPU = Release|Any CPU
	EndGlobalSection
	GlobalSection(ProjectConfigurationPlatforms) = postSolution
		{867A3C0B-D64B-4ED1-B807-C9F9C25160B0}.Debug|Any CPU.ActiveCfg = Debug|Any CPU
		{867A3C0B-D64B-4ED1-B807-C9F9C25160B0}.Debug|Any CPU.Build.0 = Debug|Any CPU
		{867A3C0B-D64B-4ED1-B807-C9F9C25160B0}.Release|Any CPU.ActiveCfg = Release|Any CPU
		{867A3C0B-D64B-4ED1-B807-C9F9C25160B0}.Release|Any CPU.Build.0 = Release|Any CPU
	EndGlobalSection
	GlobalSection(SolutionProperties) = preSolution
		HideSolutionNode = FALSE
	EndGlobalSection
	GlobalSection(ExtensibilityGlobals) = postSolution
		SolutionGuid = {25C5A7B5-D8A9-4C47-94A6-AE6AAACFC8E2}
	EndGlobalSection
EndGlobal
